
Microsoft Visual Studio Solution File, Format Version 12.00
# Visual Studio 14
VisualStudioVersion = 14.0.24720.0
MinimumVisualStudioVersion = 10.0.40219.1
Project("{FAE04EC0-301F-11D3-BF4B-00C04F79EFBC}") = "ASRCsCodeatonProject", "ASRCsCodeatonProject\ASRCsCodeatonProject.csproj", "{F2DB978E-2868-496E-A944-8C2A5F539E2B}"
EndProject
Global
	GlobalSection(SolutionConfigurationPlatforms) = preSolution
		Debug|Any CPU = Debug|Any CPU
		Release|Any CPU = Release|Any CPU
	EndGlobalSection
	GlobalSection(ProjectConfigurationPlatforms) = postSolution
		{F2DB978E-2868-496E-A944-8C2A5F539E2B}.Debug|Any CPU.ActiveCfg = Debug|Any CPU
		{F2DB978E-2868-496E-A944-8C2A5F539E2B}.Debug|Any CPU.Build.0 = Debug|Any CPU
		{F2DB978E-2868-496E-A944-8C2A5F539E2B}.Release|Any CPU.ActiveCfg = Release|Any CPU
		{F2DB978E-2868-496E-A944-8C2A5F539E2B}.Release|Any CPU.Build.0 = Release|Any CPU
	EndGlobalSection
	GlobalSection(SolutionProperties) = preSolution
		HideSolutionNode = FALSE
	EndGlobalSection
EndGlobal
